PODS:
  - MobileWorkflow (0.0.114):
    - MobileWorkflow/Core (= 0.0.114)
  - MobileWorkflow/Core (0.0.114)

DEPENDENCIES:
  - MobileWorkflow

SPEC REPOS:
  https://github.com/FutureWorkshops/MWPodspecs.git:
    - MobileWorkflow

SPEC CHECKSUMS:
  MobileWorkflow: 028becc15581a7e45f1f4b983319dc1ec7e10d87

PODFILE CHECKSUM: 40a229c52d1213c42df626393d24c1df8e81f3f9

COCOAPODS: 1.10.1
