PODS:
  - MobileWorkflow (2.0.15):
    - MobileWorkflow/Core (= 2.0.15)
  - MobileWorkflow/Core (2.0.15)

DEPENDENCIES:
  - MobileWorkflow

SPEC REPOS:
  https://github.com/FutureWorkshops/MWPodspecs.git:
    - MobileWorkflow

SPEC CHECKSUMS:
  MobileWorkflow: 91cfe2c7f0e26e7f60696104096330641faf6a37

PODFILE CHECKSUM: 40a229c52d1213c42df626393d24c1df8e81f3f9

COCOAPODS: 1.11.3
